
Microsoft Visual Studio Solution File, Format Version 12.00
# Visual Studio 15
VisualStudioVersion = 15.0.28307.489
MinimumVisualStudioVersion = 10.0.40219.1
Project("{FAE04EC0-301F-11D3-BF4B-00C04F79EFBC}") = "VolvoNETII", "VolvoNETII\VolvoNETII.csproj", "{621C1D69-5B49-4AB8-AA9B-FA9A38BC52F4}"
EndProject
Project("{FAE04EC0-301F-11D3-BF4B-00C04F79EFBC}") = "VolvoNETII.DataAccess", "VolvoNETII.DataAccess\VolvoNETII.DataAccess.csproj", "{1F504276-7F8D-4DB1-9B24-5CD667EB6F52}"
EndProject
Project("{FAE04EC0-301F-11D3-BF4B-00C04F79EFBC}") = "VolvoNETII.Core", "VolvoNETII.Core\VolvoNETII.Core.csproj", "{BA00A567-8C52-40B8-B6A1-5A048D0ECBD9}"
EndProject
Global
	GlobalSection(SolutionConfigurationPlatforms) = preSolution
		Debug|Any CPU = Debug|Any CPU
		Release|Any CPU = Release|Any CPU
	EndGlobalSection
	GlobalSection(ProjectConfigurationPlatforms) = postSolution
		{621C1D69-5B49-4AB8-AA9B-FA9A38BC52F4}.Debug|Any CPU.ActiveCfg = Debug|Any CPU
		{621C1D69-5B49-4AB8-AA9B-FA9A38BC52F4}.Debug|Any CPU.Build.0 = Debug|Any CPU
		{621C1D69-5B49-4AB8-AA9B-FA9A38BC52F4}.Release|Any CPU.ActiveCfg = Release|Any CPU
		{621C1D69-5B49-4AB8-AA9B-FA9A38BC52F4}.Release|Any CPU.Build.0 = Release|Any CPU
		{1F504276-7F8D-4DB1-9B24-5CD667EB6F52}.Debug|Any CPU.ActiveCfg = Debug|Any CPU
		{1F504276-7F8D-4DB1-9B24-5CD667EB6F52}.Debug|Any CPU.Build.0 = Debug|Any CPU
		{1F504276-7F8D-4DB1-9B24-5CD667EB6F52}.Release|Any CPU.ActiveCfg = Release|Any CPU
		{1F504276-7F8D-4DB1-9B24-5CD667EB6F52}.Release|Any CPU.Build.0 = Release|Any CPU
		{BA00A567-8C52-40B8-B6A1-5A048D0ECBD9}.Debug|Any CPU.ActiveCfg = Debug|Any CPU
		{BA00A567-8C52-40B8-B6A1-5A048D0ECBD9}.Debug|Any CPU.Build.0 = Debug|Any CPU
		{BA00A567-8C52-40B8-B6A1-5A048D0ECBD9}.Release|Any CPU.ActiveCfg = Release|Any CPU
		{BA00A567-8C52-40B8-B6A1-5A048D0ECBD9}.Release|Any CPU.Build.0 = Release|Any CPU
	EndGlobalSection
	GlobalSection(SolutionProperties) = preSolution
		HideSolutionNode = FALSE
	EndGlobalSection
	GlobalSection(ExtensibilityGlobals) = postSolution
		SolutionGuid = {E4131213-9906-40F1-BBCC-819BB6008E20}
	EndGlobalSection
EndGlobal
